Microsoft Visual Studio Solution File, Format Version 12.00
# Visual Studio Version 17
VisualStudioVersion = 17.5.2.0
MinimumVisualStudioVersion = 10.0.40219.1
Project("{FAE04EC0-301F-11D3-BF4B-00C04F79EFBC}") = "MobileApi", "MobileApi.csproj", "{CC22ACEB-911F-04D2-4877-E5A55A5B0174}"
EndProject
Global
	GlobalSection(SolutionConfigurationPlatforms) = preSolution
		Debug|Any CPU = Debug|Any CPU
		Release|Any CPU = Release|Any CPU
	EndGlobalSection
	GlobalSection(ProjectConfigurationPlatforms) = postSolution
		{CC22ACEB-911F-04D2-4877-E5A55A5B0174}.Debug|Any CPU.ActiveCfg = Debug|Any CPU
		{CC22ACEB-911F-04D2-4877-E5A55A5B0174}.Debug|Any CPU.Build.0 = Debug|Any CPU
		{CC22ACEB-911F-04D2-4877-E5A55A5B0174}.Release|Any CPU.ActiveCfg = Release|Any CPU
		{CC22ACEB-911F-04D2-4877-E5A55A5B0174}.Release|Any CPU.Build.0 = Release|Any CPU
	EndGlobalSection
	GlobalSection(SolutionProperties) = preSolution
		HideSolutionNode = FALSE
	EndGlobalSection
	GlobalSection(ExtensibilityGlobals) = postSolution
		SolutionGuid = {E7CBF083-833D-44BF-B3F0-1274534DD2D3}
	EndGlobalSection
EndGlobal
